
Microsoft Visual Studio Solution File, Format Version 12.00
# Visual Studio Version 17
VisualStudioVersion = 17.9.34723.18
MinimumVisualStudioVersion = 10.0.40219.1
Project("{FAE04EC0-301F-11D3-BF4B-00C04F79EFBC}") = "MercanciasJyC", "MercanciasJyC.csproj", "{9C809EC6-B7CF-479A-81B2-14B670291B2D}"
EndProject
Global
	GlobalSection(SolutionConfigurationPlatforms) = preSolution
		Debug|Any CPU = Debug|Any CPU
		Release|Any CPU = Release|Any CPU
	EndGlobalSection
	GlobalSection(ProjectConfigurationPlatforms) = postSolution
		{9C809EC6-B7CF-479A-81B2-14B670291B2D}.Debug|Any CPU.ActiveCfg = Debug|Any CPU
		{9C809EC6-B7CF-479A-81B2-14B670291B2D}.Debug|Any CPU.Build.0 = Debug|Any CPU
		{9C809EC6-B7CF-479A-81B2-14B670291B2D}.Release|Any CPU.ActiveCfg = Release|Any CPU
		{9C809EC6-B7CF-479A-81B2-14B670291B2D}.Release|Any CPU.Build.0 = Release|Any CPU
	EndGlobalSection
	GlobalSection(SolutionProperties) = preSolution
		HideSolutionNode = FALSE
	EndGlobalSection
	GlobalSection(ExtensibilityGlobals) = postSolution
		SolutionGuid = {FA359997-FAF7-437D-BAB4-DA4B51217301}
	EndGlobalSection
EndGlobal
